// !$*UTF8*$!
{
	archiveVersion = 1;
	classes = {
	};
	objectVersion = 50;
	objects = {

/* Begin PBXBuildFile section */
		248B0B4D139A28D2A23137BD /* Pods_OrderPizzaSDKDemo.framework in Frameworks */ = {isa = PBXBuildFile; fileRef = 8C45A69800FC0B524744A6FB /* Pods_OrderPizzaSDKDemo.framework */; };
		A71571AC216A757C001B843F /* ViewController.swift in Sources */ = {isa = PBXBuildFile; fileRef = A71571AB216A757C001B843F /* ViewController.swift */; };
		A71571AE216A766D001B843F /* OrderPizzaSDK.framework in Frameworks */ = {isa = PBXBuildFile; fileRef = A71571AD216A766D001B843F /* OrderPizzaSDK.framework */; };
		A71571B0216A766D001B843F /* OrderPizzaSDKCore.framework in Frameworks */ = {isa = PBXBuildFile; fileRef = A71571AF216A766D001B843F /* OrderPizzaSDKCore.framework */; };
		A7A57AAA2166854C009A1820 /* AppDelegate.swift in Sources */ = {isa = PBXBuildFile; fileRef = A7A57AA92166854C009A1820 /* AppDelegate.swift */; };
		A7A57AB12166854D009A1820 /* Assets.xcassets in Resources */ = {isa = PBXBuildFile; fileRef = A7A57AB02166854D009A1820 /* Assets.xcassets */; };
		A7A57AB42166854D009A1820 /* LaunchScreen.storyboard in Resources */ = {isa = PBXBuildFile; fileRef = A7A57AB22166854D009A1820 /* LaunchScreen.storyboard */; };
/* End PBXBuildFile section */

/* Begin PBXFileReference section */
		8C45A69800FC0B524744A6FB /* Pods_OrderPizzaSDKDemo.framework */ = {isa = PBXFileReference; explicitFileType = wrapper.framework; includeInIndex = 0; path = Pods_OrderPizzaSDKDemo.framework; sourceTree = BUILT_PRODUCTS_DIR; };
		A71571AB216A757C001B843F /* ViewController.swift */ = {isa = PBXFileReference; fileEncoding = 4; lastKnownFileType = sourcecode.swift; path = ViewController.swift; sourceTree = "<group>"; };
		A71571AD216A766D001B843F /* OrderPizzaSDK.framework */ = {isa = PBXFileReference; explicitFileType = wrapper.framework; path = OrderPizzaSDK.framework; sourceTree = BUILT_PRODUCTS_DIR; };
		A71571AF216A766D001B843F /* OrderPizzaSDKCore.framework */ = {isa = PBXFileReference; explicitFileType = wrapper.framework; path = OrderPizzaSDKCore.framework; sourceTree = BUILT_PRODUCTS_DIR; };
		A7A57AA62166854C009A1820 /* OrderPizzaSDKDemo.app */ = {isa = PBXFileReference; explicitFileType = wrapper.application; includeInIndex = 0; path = OrderPizzaSDKDemo.app; sourceTree = BUILT_PRODUCTS_DIR; };
		A7A57AA92166854C009A1820 /* AppDelegate.swift */ = {isa = PBXFileReference; lastKnownFileType = sourcecode.swift; path = AppDelegate.swift; sourceTree = "<group>"; };
		A7A57AB02166854D009A1820 /* Assets.xcassets */ = {isa = PBXFileReference; lastKnownFileType = folder.assetcatalog; path = Assets.xcassets; sourceTree = "<group>"; };
		A7A57AB32166854D009A1820 /* Base */ = {isa = PBXFileReference; lastKnownFileType = file.storyboard; name = Base; path = Base.lproj/LaunchScreen.storyboard; sourceTree = "<group>"; };
		A7A57AB52166854D009A1820 /* Info.plist */ = {isa = PBXFileReference; lastKnownFileType = text.plist.xml; path = Info.plist; sourceTree = "<group>"; };
		C6025D73D540C61E8E2D71C3 /* Pods-OrderPizzaSDKDemo.debug.xcconfig */ = {isa = PBXFileReference; includeInIndex = 1; lastKnownFileType = text.xcconfig; name = "Pods-OrderPizzaSDKDemo.debug.xcconfig"; path = "Pods/Target Support Files/Pods-OrderPizzaSDKDemo/Pods-OrderPizzaSDKDemo.debug.xcconfig"; sourceTree = "<group>"; };
		CBCC65475A04D98EE53B77E6 /* Pods-OrderPizzaSDKDemo.release.xcconfig */ = {isa = PBXFileReference; includeInIndex = 1; lastKnownFileType = text.xcconfig; name = "Pods-OrderPizzaSDKDemo.release.xcconfig"; path = "Pods/Target Support Files/Pods-OrderPizzaSDKDemo/Pods-OrderPizzaSDKDemo.release.xcconfig"; sourceTree = "<group>"; };
/* End PBXFileReference section */

/* Begin PBXFrameworksBuildPhase section */
		A7A57AA32166854C009A1820 /* Frameworks */ = {
			isa = PBXFrameworksBuildPhase;
			buildActionMask = 2147483647;
			files = (
				A71571AE216A766D001B843F /* OrderPizzaSDK.framework in Frameworks */,
				A71571B0216A766D001B843F /* OrderPizzaSDKCore.framework in Frameworks */,
				248B0B4D139A28D2A23137BD /* Pods_OrderPizzaSDKDemo.framework in Frameworks */,
			);
			runOnlyForDeploymentPostprocessing = 0;
		};
/* End PBXFrameworksBuildPhase section */

/* Begin PBXGroup section */
		A71571A7216A747F001B843F /* Resources */ = {
			isa = PBXGroup;
			children = (
				A7A57AB02166854D009A1820 /* Assets.xcassets */,
				A7A57AB22166854D009A1820 /* LaunchScreen.storyboard */,
				A7A57AB52166854D009A1820 /* Info.plist */,
			);
			path = Resources;
			sourceTree = "<group>";
		};
		A71571AA216A755F001B843F /* View Controller */ = {
			isa = PBXGroup;
			children = (
				A71571AB216A757C001B843F /* ViewController.swift */,
			);
			path = "View Controller";
			sourceTree = "<group>";
		};
		A7A57A9D2166854C009A1820 = {
			isa = PBXGroup;
			children = (
				A7A57AA82166854C009A1820 /* OrderPizzaSDKDemo */,
				A7A57AA72166854C009A1820 /* Products */,
				A7A57BB921669F66009A1820 /* Frameworks */,
				F25B01E60AA1487B66FBDBA6 /* Pods */,
			);
			sourceTree = "<group>";
		};
		A7A57AA72166854C009A1820 /* Products */ = {
			isa = PBXGroup;
			children = (
				A7A57AA62166854C009A1820 /* OrderPizzaSDKDemo.app */,
			);
			name = Products;
			sourceTree = "<group>";
		};
		A7A57AA82166854C009A1820 /* OrderPizzaSDKDemo */ = {
			isa = PBXGroup;
			children = (
				A7A57AA92166854C009A1820 /* AppDelegate.swift */,
				A71571AA216A755F001B843F /* View Controller */,
				A71571A7216A747F001B843F /* Resources */,
			);
			path = OrderPizzaSDKDemo;
			sourceTree = "<group>";
		};
		A7A57BB921669F66009A1820 /* Frameworks */ = {
			isa = PBXGroup;
			children = (
				A71571AD216A766D001B843F /* OrderPizzaSDK.framework */,
				A71571AF216A766D001B843F /* OrderPizzaSDKCore.framework */,
				8C45A69800FC0B524744A6FB /* Pods_OrderPizzaSDKDemo.framework */,
			);
			name = Frameworks;
			sourceTree = "<group>";
		};
		F25B01E60AA1487B66FBDBA6 /* Pods */ = {
			isa = PBXGroup;
			children = (
				C6025D73D540C61E8E2D71C3 /* Pods-OrderPizzaSDKDemo.debug.xcconfig */,
				CBCC65475A04D98EE53B77E6 /* Pods-OrderPizzaSDKDemo.release.xcconfig */,
			);
			name = Pods;
			sourceTree = "<group>";
		};
/* End PBXGroup section */

/* Begin PBXNativeTarget section */
		A7A57AA52166854C009A1820 /* OrderPizzaSDKDemo */ = {
			isa = PBXNativeTarget;
			buildConfigurationList = A7A57AC32166854D009A1820 /* Build configuration list for PBXNativeTarget "OrderPizzaSDKDemo" */;
			buildPhases = (
				5C5EC3BA27257833F3F0DB45 /* [CP] Check Pods Manifest.lock */,
				A7A57AA22166854C009A1820 /* Sources */,
				A7A57AA32166854C009A1820 /* Frameworks */,
				A7A57AA42166854C009A1820 /* Resources */,
				171F7EAED40811DAA8EA2114 /* [CP] Embed Pods Frameworks */,
			);
			buildRules = (
			);
			dependencies = (
			);
			name = OrderPizzaSDKDemo;
			productName = OrderPizzaSDKDemo;
			productReference = A7A57AA62166854C009A1820 /* OrderPizzaSDKDemo.app */;
			productType = "com.apple.product-type.application";
		};
/* End PBXNativeTarget section */

/* Begin PBXProject section */
		A7A57A9E2166854C009A1820 /* Project object */ = {
			isa = PBXProject;
			attributes = {
				LastSwiftUpdateCheck = 1000;
				LastUpgradeCheck = 1000;
				ORGANIZATIONNAME = "Sunil Chauhan";
				TargetAttributes = {
					A7A57AA52166854C009A1820 = {
						CreatedOnToolsVersion = 10.0;
					};
				};
			};
			buildConfigurationList = A7A57AA12166854C009A1820 /* Build configuration list for PBXProject "OrderPizzaSDKDemo" */;
			compatibilityVersion = "Xcode 9.3";
			developmentRegion = en;
			hasScannedForEncodings = 0;
			knownRegions = (
				en,
				Base,
			);
			mainGroup = A7A57A9D2166854C009A1820;
			productRefGroup = A7A57AA72166854C009A1820 /* Products */;
			projectDirPath = "";
			projectRoot = "";
			targets = (
				A7A57AA52166854C009A1820 /* OrderPizzaSDKDemo */,
			);
		};
/* End PBXProject section */

/* Begin PBXResourcesBuildPhase section */
		A7A57AA42166854C009A1820 /* Resources */ = {
			isa = PBXResourcesBuildPhase;
			buildActionMask = 2147483647;
			files = (
				A7A57AB42166854D009A1820 /* LaunchScreen.storyboard in Resources */,
				A7A57AB12166854D009A1820 /* Assets.xcassets in Resources */,
			);
			runOnlyForDeploymentPostprocessing = 0;
		};
/* End PBXResourcesBuildPhase section */

/* Begin PBXShellScriptBuildPhase section */
		171F7EAED40811DAA8EA2114 /* [CP] Embed Pods Frameworks */ = {
			isa = PBXShellScriptBuildPhase;
			buildActionMask = 2147483647;
			files = (
			);
			inputPaths = (
				"${SRCROOT}/Pods/Target Support Files/Pods-OrderPizzaSDKDemo/Pods-OrderPizzaSDKDemo-frameworks.sh",
				"${BUILT_PRODUCTS_DIR}/OrderPizzaSDK/OrderPizzaSDK.framework",
				"${BUILT_PRODUCTS_DIR}/OrderPizzaSDKCore/OrderPizzaSDKCore.framework",
			);
			name = "[CP] Embed Pods Frameworks";
			outputPaths = (
				"${TARGET_BUILD_DIR}/${FRAMEWORKS_FOLDER_PATH}/OrderPizzaSDK.framework",
				"${TARGET_BUILD_DIR}/${FRAMEWORKS_FOLDER_PATH}/OrderPizzaSDKCore.framework",
			);
			runOnlyForDeploymentPostprocessing = 0;
			shellPath = /bin/sh;
			shellScript = "\"${SRCROOT}/Pods/Target Support Files/Pods-OrderPizzaSDKDemo/Pods-OrderPizzaSDKDemo-frameworks.sh\"\n";
			showEnvVarsInLog = 0;
		};
		5C5EC3BA27257833F3F0DB45 /* [CP] Check Pods Manifest.lock */ = {
			isa = PBXShellScriptBuildPhase;
			buildActionMask = 2147483647;
			files = (
			);
			inputPaths = (
				"${PODS_PODFILE_DIR_PATH}/Podfile.lock",
				"${PODS_ROOT}/Manifest.lock",
			);
			name = "[CP] Check Pods Manifest.lock";
			outputPaths = (
				"$(DERIVED_FILE_DIR)/Pods-OrderPizzaSDKDemo-checkManifestLockResult.txt",
			);
			runOnlyForDeploymentPostprocessing = 0;
			shellPath = /bin/sh;
			shellScript = "diff \"${PODS_PODFILE_DIR_PATH}/Podfile.lock\" \"${PODS_ROOT}/Manifest.lock\" > /dev/null\nif [ $? != 0 ] ; then\n    # print error to STDERR\n    echo \"error: The sandbox is not in sync with the Podfile.lock. Run 'pod install' or update your CocoaPods installation.\" >&2\n    exit 1\nfi\n# This output is used by Xcode 'outputs' to avoid re-running this script phase.\necho \"SUCCESS\" > \"${SCRIPT_OUTPUT_FILE_0}\"\n";
			showEnvVarsInLog = 0;
		};
/* End PBXShellScriptBuildPhase section */

/* Begin PBXSourcesBuildPhase section */
		A7A57AA22166854C009A1820 /* Sources */ = {
			isa = PBXSourcesBuildPhase;
			buildActionMask = 2147483647;
			files = (
				A71571AC216A757C001B843F /* ViewController.swift in Sources */,
				A7A57AAA2166854C009A1820 /* AppDelegate.swift in Sources */,
			);
			runOnlyForDeploymentPostprocessing = 0;
		};
/* End PBXSourcesBuildPhase section */

/* Begin PBXVariantGroup section */
		A7A57AB22166854D009A1820 /* LaunchScreen.storyboard */ = {
			isa = PBXVariantGroup;
			children = (
				A7A57AB32166854D009A1820 /* Base */,
			);
			name = LaunchScreen.storyboard;
			sourceTree = "<group>";
		};
/* End PBXVariantGroup section */

/* Begin XCBuildConfiguration section */
		A7A57AC12166854D009A1820 /* Debug */ = {
			isa = XCBuildConfiguration;
			buildSettings = {
				ALWAYS_SEARCH_USER_PATHS = NO;
				CLANG_ANALYZER_NONNULL = YES;
				CLANG_ANALYZER_NUMBER_OBJECT_CONVERSION = YES_AGGRESSIVE;
				CLANG_CXX_LANGUAGE_STANDARD = "gnu++14";
				CLANG_CXX_LIBRARY = "libc++";
				CLANG_ENABLE_MODULES = YES;
				CLANG_ENABLE_OBJC_ARC = YES;
				CLANG_ENABLE_OBJC_WEAK = YES;
				CLANG_WARN_BLOCK_CAPTURE_AUTORELEASING = YES;
				CLANG_WARN_BOOL_CONVERSION = YES;
				CLANG_WARN_COMMA = YES;
				CLANG_WARN_CONSTANT_CONVERSION = YES;
				CLANG_WARN_DEPRECATED_OBJC_IMPLEMENTATIONS = YES;
				CLANG_WARN_DIRECT_OBJC_ISA_USAGE = YES_ERROR;
				CLANG_WARN_DOCUMENTATION_COMMENTS = YES;
				CLANG_WARN_EMPTY_BODY = YES;
				CLANG_WARN_ENUM_CONVERSION = YES;
				CLANG_WARN_INFINITE_RECURSION = YES;
				CLANG_WARN_INT_CONVERSION = YES;
				CLANG_WARN_NON_LITERAL_NULL_CONVERSION = YES;
				CLANG_WARN_OBJC_IMPLICIT_RETAIN_SELF = YES;
				CLANG_WARN_OBJC_LITERAL_CONVERSION = YES;
				CLANG_WARN_OBJC_ROOT_CLASS = YES_ERROR;
				CLANG_WARN_RANGE_LOOP_ANALYSIS = YES;
				CLANG_WARN_STRICT_PROTOTYPES = YES;
				CLANG_WARN_SUSPICIOUS_MOVE = YES;
				CLANG_WARN_UNGUARDED_AVAILABILITY = YES_AGGRESSIVE;
				CLANG_WARN_UNREACHABLE_CODE = YES;
				CLANG_WARN__DUPLICATE_METHOD_MATCH = YES;
				CODE_SIGN_IDENTITY = "iPhone Developer";
				COPY_PHASE_STRIP = NO;
				DEBUG_INFORMATION_FORMAT = dwarf;
				ENABLE_STRICT_OBJC_MSGSEND = YES;
				ENABLE_TESTABILITY = YES;
				GCC_C_LANGUAGE_STANDARD = gnu11;
				GCC_DYNAMIC_NO_PIC = NO;
				GCC_NO_COMMON_BLOCKS = YES;
				GCC_OPTIMIZATION_LEVEL = 0;
				GCC_PREPROCESSOR_DEFINITIONS = (
					"DEBUG=1",
					"$(inherited)",
				);
				GCC_WARN_64_TO_32_BIT_CONVERSION = YES;
				GCC_WARN_ABOUT_RETURN_TYPE = YES_ERROR;
				GCC_WARN_UNDECLARED_SELECTOR = YES;
				GCC_WARN_UNINITIALIZED_AUTOS = YES_AGGRESSIVE;
				GCC_WARN_UNUSED_FUNCTION = YES;
				GCC_WARN_UNUSED_VARIABLE = YES;
				IPHONEOS_DEPLOYMENT_TARGET = 12.0;
				MTL_ENABLE_DEBUG_INFO = INCLUDE_SOURCE;
				MTL_FAST_MATH = YES;
				ONLY_ACTIVE_ARCH = YES;
				SDKROOT = iphoneos;
				SWIFT_ACTIVE_COMPILATION_CONDITIONS = DEBUG;
				SWIFT_OPTIMIZATION_LEVEL = "-Onone";
			};
			name = Debug;
		};
		A7A57AC22166854D009A1820 /* Release */ = {
			isa = XCBuildConfiguration;
			buildSettings = {
				ALWAYS_SEARCH_USER_PATHS = NO;
				CLANG_ANALYZER_NONNULL = YES;
				CLANG_ANALYZER_NUMBER_OBJECT_CONVERSION = YES_AGGRESSIVE;
				CLANG_CXX_LANGUAGE_STANDARD = "gnu++14";
				CLANG_CXX_LIBRARY = "libc++";
				CLANG_ENABLE_MODULES = YES;
				CLANG_ENABLE_OBJC_ARC = YES;
				CLANG_ENABLE_OBJC_WEAK = YES;
				CLANG_WARN_BLOCK_CAPTURE_AUTORELEASING = YES;
				CLANG_WARN_BOOL_CONVERSION = YES;
				CLANG_WARN_COMMA = YES;
				CLANG_WARN_CONSTANT_CONVERSION = YES;
				CLANG_WARN_DEPRECATED_OBJC_IMPLEMENTATIONS = YES;
				CLANG_WARN_DIRECT_OBJC_ISA_USAGE = YES_ERROR;
				CLANG_WARN_DOCUMENTATION_COMMENTS = YES;
				CLANG_WARN_EMPTY_BODY = YES;
				CLANG_WARN_ENUM_CONVERSION = YES;
				CLANG_WARN_INFINITE_RECURSION = YES;
				CLANG_WARN_INT_CONVERSION = YES;
				CLANG_WARN_NON_LITERAL_NULL_CONVERSION = YES;
				CLANG_WARN_OBJC_IMPLICIT_RETAIN_SELF = YES;
				CLANG_WARN_OBJC_LITERAL_CONVERSION = YES;
				CLANG_WARN_OBJC_ROOT_CLASS = YES_ERROR;
				CLANG_WARN_RANGE_LOOP_ANALYSIS = YES;
				CLANG_WARN_STRICT_PROTOTYPES = YES;
				CLANG_WARN_SUSPICIOUS_MOVE = YES;
				CLANG_WARN_UNGUARDED_AVAILABILITY = YES_AGGRESSIVE;
				CLANG_WARN_UNREACHABLE_CODE = YES;
				CLANG_WARN__DUPLICATE_METHOD_MATCH = YES;
				CODE_SIGN_IDENTITY = "iPhone Developer";
				COPY_PHASE_STRIP = NO;
				DEBUG_INFORMATION_FORMAT = "dwarf-with-dsym";
				ENABLE_NS_ASSERTIONS = NO;
				ENABLE_STRICT_OBJC_MSGSEND = YES;
				GCC_C_LANGUAGE_STANDARD = gnu11;
				GCC_NO_COMMON_BLOCKS = YES;
				GCC_WARN_64_TO_32_BIT_CONVERSION = YES;
				GCC_WARN_ABOUT_RETURN_TYPE = YES_ERROR;
				GCC_WARN_UNDECLARED_SELECTOR = YES;
				GCC_WARN_UNINITIALIZED_AUTOS = YES_AGGRESSIVE;
				GCC_WARN_UNUSED_FUNCTION = YES;
				GCC_WARN_UNUSED_VARIABLE = YES;
				IPHONEOS_DEPLOYMENT_TARGET = 12.0;
				MTL_ENABLE_DEBUG_INFO = NO;
				MTL_FAST_MATH = YES;
				SDKROOT = iphoneos;
				SWIFT_COMPILATION_MODE = wholemodule;
				SWIFT_OPTIMIZATION_LEVEL = "-O";
				VALIDATE_PRODUCT = YES;
			};
			name = Release;
		};
		A7A57AC42166854D009A1820 /* Debug */ = {
			isa = XCBuildConfiguration;
			baseConfigurationReference = C6025D73D540C61E8E2D71C3 /* Pods-OrderPizzaSDKDemo.debug.xcconfig */;
			buildSettings = {
				ASSETCATALOG_COMPILER_APPICON_NAME = AppIcon;
				CODE_SIGN_STYLE = Automatic;
				DEVELOPMENT_TEAM = W4YB8M4L9P;
				INFOPLIST_FILE = OrderPizzaSDKDemo/Resources/Info.plist;
				LD_RUNPATH_SEARCH_PATHS = "$(inherited) @executable_path/Frameworks";
				PRODUCT_BUNDLE_IDENTIFIER = com.chauhan130.OrderPizzaSDKDemo;
				PRODUCT_NAME = "$(TARGET_NAME)";
				SWIFT_VERSION = 4.2;
				TARGETED_DEVICE_FAMILY = "1,2";
			};
			name = Debug;
		};
		A7A57AC52166854D009A1820 /* Release */ = {
			isa = XCBuildConfiguration;
			baseConfigurationReference = CBCC65475A04D98EE53B77E6 /* Pods-OrderPizzaSDKDemo.release.xcconfig */;
			buildSettings = {
				ASSETCATALOG_COMPILER_APPICON_NAME = AppIcon;
				CODE_SIGN_STYLE = Automatic;
				DEVELOPMENT_TEAM = W4YB8M4L9P;
				INFOPLIST_FILE = OrderPizzaSDKDemo/Resources/Info.plist;
				LD_RUNPATH_SEARCH_PATHS = "$(inherited) @executable_path/Frameworks";
				PRODUCT_BUNDLE_IDENTIFIER = com.chauhan130.OrderPizzaSDKDemo;
				PRODUCT_NAME = "$(TARGET_NAME)";
				SWIFT_VERSION = 4.2;
				TARGETED_DEVICE_FAMILY = "1,2";
			};
			name = Release;
		};
/* End XCBuildConfiguration section */

/* Begin XCConfigurationList section */
		A7A57AA12166854C009A1820 /* Build configuration list for PBXProject "OrderPizzaSDKDemo" */ = {
			isa = XCConfigurationList;
			buildConfigurations = (
				A7A57AC12166854D009A1820 /* Debug */,
				A7A57AC22166854D009A1820 /* Release */,
			);
			defaultConfigurationIsVisible = 0;
			defaultConfigurationName = Release;
		};
		A7A57AC32166854D009A1820 /* Build configuration list for PBXNativeTarget "OrderPizzaSDKDemo" */ = {
			isa = XCConfigurationList;
			buildConfigurations = (
				A7A57AC42166854D009A1820 /* Debug */,
				A7A57AC52166854D009A1820 /* Release */,
			);
			defaultConfigurationIsVisible = 0;
			defaultConfigurationName = Release;
		};
/* End XCConfigurationList section */
	};
	rootObject = A7A57A9E2166854C009A1820 /* Project object */;
}
